
Microsoft Visual Studio Solution File, Format Version 12.00
# Visual Studio Version 17
VisualStudioVersion = 17.5.33424.131
MinimumVisualStudioVersion = 10.0.40219.1
Project("{FAE04EC0-301F-11D3-BF4B-00C04F79EFBC}") = "WebArchiver", "WebArchiver\WebArchiver.csproj", "{25B69401-A72B-4E27-B1AC-6048041E4824}"
EndProject
Global
	GlobalSection(SolutionConfigurationPlatforms) = preSolution
		Debug|Any CPU = Debug|Any CPU
		Release|Any CPU = Release|Any CPU
	EndGlobalSection
	GlobalSection(ProjectConfigurationPlatforms) = postSolution
		{25B69401-A72B-4E27-B1AC-6048041E4824}.Debug|Any CPU.ActiveCfg = Debug|Any CPU
		{25B69401-A72B-4E27-B1AC-6048041E4824}.Debug|Any CPU.Build.0 = Debug|Any CPU
		{25B69401-A72B-4E27-B1AC-6048041E4824}.Release|Any CPU.ActiveCfg = Release|Any CPU
		{25B69401-A72B-4E27-B1AC-6048041E4824}.Release|Any CPU.Build.0 = Release|Any CPU
	EndGlobalSection
	GlobalSection(SolutionProperties) = preSolution
		HideSolutionNode = FALSE
	EndGlobalSection
	GlobalSection(ExtensibilityGlobals) = postSolution
		SolutionGuid = {294F224A-3C8D-4DCD-9CB9-0D1B9F7ABB85}
	EndGlobalSection
EndGlobal
